
Microsoft Visual Studio Solution File, Format Version 12.00
# Visual Studio Version 16
VisualStudioVersion = 16.0.34301.259
MinimumVisualStudioVersion = 10.0.40219.1
Project("{FAE04EC0-301F-11D3-BF4B-00C04F79EFBC}") = "KirigiriNetworkConnectMod", "KirigiriNetworkConnectMod\Nekogiri.csproj", "{BE8D4052-15E4-4CC0-8481-034B8DD0E20D}"
EndProject
Global
	GlobalSection(SolutionConfigurationPlatforms) = preSolution
		Debug|Any CPU = Debug|Any CPU
		Release|Any CPU = Release|Any CPU
	EndGlobalSection
	GlobalSection(ProjectConfigurationPlatforms) = postSolution
		{BE8D4052-15E4-4CC0-8481-034B8DD0E20D}.Debug|Any CPU.ActiveCfg = Debug|Any CPU
		{BE8D4052-15E4-4CC0-8481-034B8DD0E20D}.Debug|Any CPU.Build.0 = Debug|Any CPU
		{BE8D4052-15E4-4CC0-8481-034B8DD0E20D}.Release|Any CPU.ActiveCfg = Release|Any CPU
		{BE8D4052-15E4-4CC0-8481-034B8DD0E20D}.Release|Any CPU.Build.0 = Release|Any CPU
	EndGlobalSection
	GlobalSection(SolutionProperties) = preSolution
		HideSolutionNode = FALSE
	EndGlobalSection
	GlobalSection(ExtensibilityGlobals) = postSolution
		SolutionGuid = {E7428AA1-4677-41B8-A054-8C80D426E409}
	EndGlobalSection
EndGlobal
